
Microsoft Visual Studio Solution File, Format Version 12.00
# Visual Studio Version 17
VisualStudioVersion = 17.14.36202.13
MinimumVisualStudioVersion = 10.0.40219.1
Project("{FAE04EC0-301F-11D3-BF4B-00C04F79EFBC}") = "thongbao.be", "thongbao.be.csproj", "{06626B4F-5AF1-438B-AABD-332153B19F99}"
EndProject
Project("{FAE04EC0-301F-11D3-BF4B-00C04F79EFBC}") = "thongbao.be.application", "..\thongbao.be.application\thongbao.be.application.csproj", "{1E5AE158-DD34-4712-B888-C1C392D94CEE}"
EndProject
Project("{FAE04EC0-301F-11D3-BF4B-00C04F79EFBC}") = "thongbao.be.domain", "..\thongbao.be.domain\thongbao.be.domain.csproj", "{32F9BDBF-A299-414D-AAED-09F51D339441}"
EndProject
Project("{FAE04EC0-301F-11D3-BF4B-00C04F79EFBC}") = "thongbao.be.shared", "..\thongbao.be.shared\thongbao.be.shared.csproj", "{3C0D25AB-A450-431E-9F6E-74719F26CBA2}"
EndProject
Project("{FAE04EC0-301F-11D3-BF4B-00C04F79EFBC}") = "thongbao.be.infrastructure.data", "..\thongbao.be.infrastructure.data\thongbao.be.infrastructure.data.csproj", "{F68E2425-4124-41B8-9A95-BE8D7EED00E4}"
EndProject
Project("{FAE04EC0-301F-11D3-BF4B-00C04F79EFBC}") = "thongbao.be.infrastructure.external", "..\thongbao.be.infrastructure.external\thongbao.be.infrastructure.external.csproj", "{FB4CDAA7-29C7-4C1C-BA99-29FA97BA192F}"
EndProject
Project("{2150E333-8FDC-42A3-9474-1A3956D46DE8}") = "Solution Items", "Solution Items", "{8EC462FD-D22E-90A8-E5CE-7E832BA40C5D}"
	ProjectSection(SolutionItems) = preProject
		README.md = README.md
	EndProjectSection
EndProject
Project("{FAE04EC0-301F-11D3-BF4B-00C04F79EFBC}") = "thongbao.be.lib", "..\thongbao.be.lib\thongbao.be.lib.csproj", "{BF21C74A-A00A-43CA-966E-494E2E64CBEA}"
EndProject
Global
	GlobalSection(SolutionConfigurationPlatforms) = preSolution
		Debug|Any CPU = Debug|Any CPU
		Release|Any CPU = Release|Any CPU
	EndGlobalSection
	GlobalSection(ProjectConfigurationPlatforms) = postSolution
		{06626B4F-5AF1-438B-AABD-332153B19F99}.Debug|Any CPU.ActiveCfg = Debug|Any CPU
		{06626B4F-5AF1-438B-AABD-332153B19F99}.Debug|Any CPU.Build.0 = Debug|Any CPU
		{06626B4F-5AF1-438B-AABD-332153B19F99}.Release|Any CPU.ActiveCfg = Release|Any CPU
		{06626B4F-5AF1-438B-AABD-332153B19F99}.Release|Any CPU.Build.0 = Release|Any CPU
		{1E5AE158-DD34-4712-B888-C1C392D94CEE}.Debug|Any CPU.ActiveCfg = Debug|Any CPU
		{1E5AE158-DD34-4712-B888-C1C392D94CEE}.Debug|Any CPU.Build.0 = Debug|Any CPU
		{1E5AE158-DD34-4712-B888-C1C392D94CEE}.Release|Any CPU.ActiveCfg = Release|Any CPU
		{1E5AE158-DD34-4712-B888-C1C392D94CEE}.Release|Any CPU.Build.0 = Release|Any CPU
		{32F9BDBF-A299-414D-AAED-09F51D339441}.Debug|Any CPU.ActiveCfg = Debug|Any CPU
		{32F9BDBF-A299-414D-AAED-09F51D339441}.Debug|Any CPU.Build.0 = Debug|Any CPU
		{32F9BDBF-A299-414D-AAED-09F51D339441}.Release|Any CPU.ActiveCfg = Release|Any CPU
		{32F9BDBF-A299-414D-AAED-09F51D339441}.Release|Any CPU.Build.0 = Release|Any CPU
		{3C0D25AB-A450-431E-9F6E-74719F26CBA2}.Debug|Any CPU.ActiveCfg = Debug|Any CPU
		{3C0D25AB-A450-431E-9F6E-74719F26CBA2}.Debug|Any CPU.Build.0 = Debug|Any CPU
		{3C0D25AB-A450-431E-9F6E-74719F26CBA2}.Release|Any CPU.ActiveCfg = Release|Any CPU
		{3C0D25AB-A450-431E-9F6E-74719F26CBA2}.Release|Any CPU.Build.0 = Release|Any CPU
		{F68E2425-4124-41B8-9A95-BE8D7EED00E4}.Debug|Any CPU.ActiveCfg = Debug|Any CPU
		{F68E2425-4124-41B8-9A95-BE8D7EED00E4}.Debug|Any CPU.Build.0 = Debug|Any CPU
		{F68E2425-4124-41B8-9A95-BE8D7EED00E4}.Release|Any CPU.ActiveCfg = Release|Any CPU
		{F68E2425-4124-41B8-9A95-BE8D7EED00E4}.Release|Any CPU.Build.0 = Release|Any CPU
		{FB4CDAA7-29C7-4C1C-BA99-29FA97BA192F}.Debug|Any CPU.ActiveCfg = Debug|Any CPU
		{FB4CDAA7-29C7-4C1C-BA99-29FA97BA192F}.Debug|Any CPU.Build.0 = Debug|Any CPU
		{FB4CDAA7-29C7-4C1C-BA99-29FA97BA192F}.Release|Any CPU.ActiveCfg = Release|Any CPU
		{FB4CDAA7-29C7-4C1C-BA99-29FA97BA192F}.Release|Any CPU.Build.0 = Release|Any CPU
		{BF21C74A-A00A-43CA-966E-494E2E64CBEA}.Debug|Any CPU.ActiveCfg = Debug|Any CPU
		{BF21C74A-A00A-43CA-966E-494E2E64CBEA}.Debug|Any CPU.Build.0 = Debug|Any CPU
		{BF21C74A-A00A-43CA-966E-494E2E64CBEA}.Release|Any CPU.ActiveCfg = Release|Any CPU
		{BF21C74A-A00A-43CA-966E-494E2E64CBEA}.Release|Any CPU.Build.0 = Release|Any CPU
	EndGlobalSection
	GlobalSection(SolutionProperties) = preSolution
		HideSolutionNode = FALSE
	EndGlobalSection
	GlobalSection(ExtensibilityGlobals) = postSolution
		SolutionGuid = {062BBCD2-1B76-4CB2-8602-6BFADCA0D4B3}
	EndGlobalSection
EndGlobal
